Microsoft Visual Studio Solution File, Format Version 11.00
# Visual Studio 2008

Project("{7C798E56-9ED1-FB5A-A49A-B8F2B7A45527}") = "GrandchildSimulator", "Assembly-CSharp-firstpass-vs.csproj", "{B36A7607-A4DA-B97A-505C-4149685CE814}"
EndProject
Project("{7C798E56-9ED1-FB5A-A49A-B8F2B7A45527}") = "GrandchildSimulator", "Assembly-CSharp-vs.csproj", "{7ACF1795-C234-C662-0420-C82FCC9CC976}"
EndProject
Global
	GlobalSection(SolutionConfigurationPlatforms) = preSolution
		Debug|Any CPU = Debug|Any CPU
		Release|Any CPU = Release|Any CPU
	EndGlobalSection
	GlobalSection(ProjectConfigurationPlatforms) = postSolution
		{B36A7607-A4DA-B97A-505C-4149685CE814}.Debug|Any CPU.ActiveCfg = Debug|Any CPU
		{B36A7607-A4DA-B97A-505C-4149685CE814}.Debug|Any CPU.Build.0 = Debug|Any CPU
		{B36A7607-A4DA-B97A-505C-4149685CE814}.Release|Any CPU.ActiveCfg = Release|Any CPU
		{B36A7607-A4DA-B97A-505C-4149685CE814}.Release|Any CPU.Build.0 = Release|Any CPU
		{7ACF1795-C234-C662-0420-C82FCC9CC976}.Debug|Any CPU.ActiveCfg = Debug|Any CPU
		{7ACF1795-C234-C662-0420-C82FCC9CC976}.Debug|Any CPU.Build.0 = Debug|Any CPU
		{7ACF1795-C234-C662-0420-C82FCC9CC976}.Release|Any CPU.ActiveCfg = Release|Any CPU
		{7ACF1795-C234-C662-0420-C82FCC9CC976}.Release|Any CPU.Build.0 = Release|Any CPU
	EndGlobalSection
	GlobalSection(SolutionProperties) = preSolution
		HideSolutionNode = FALSE
	EndGlobalSection
																		GlobalSection(MonoDevelopProperties) = preSolution
		StartupItem = Assembly-CSharp.csproj
		Policies = $0
		$0.TextStylePolicy = $1
		$1.inheritsSet = null
		$1.scope = text/x-csharp
		$0.CSharpFormattingPolicy = $2
		$2.inheritsSet = Mono
		$2.inheritsScope = text/x-csharp
		$2.scope = text/x-csharp
		$0.TextStylePolicy = $3
		$3.FileWidth = 120
		$3.TabWidth = 4
		$3.EolMarker = Unix
		$3.inheritsSet = Mono
		$3.inheritsScope = text/plain
		$3.scope = text/plain
	EndGlobalSection

EndGlobal
